hash: 45327ca5745f6c411159a97d1f4f72fa082f40a2591be740605381540d851322
updated: 2016-12-11T12:37:22.6334581-05:00
imports:
- name: github.com/go-gl/gl
  version: b303bcb3e83b7ef645a5104e1c2db7f8d9e8918a
  subpackages:
  - v2.1/gl
- name: github.com/go-gl/glfw
  version: 6e7202f2d691ed1d79bcdaed6cce0061006ce565
  subpackages:
  - v3.2/glfw
- name: github.com/golang/freetype
  version: 38b4c392adc5eed94207994c4848fff99f4ac234
  subpackages:
  - raster
  - truetype
- name: github.com/gopherjs/gopherjs
  version: e34a5cd6a1bc7c4fde759f2d3039852fc68b5fcc
  subpackages:
  - js
- name: github.com/gopherjs/webgl
  version: a2d36020a9b2af0f7aefb23467ab48f3b501beec
- name: github.com/hajimehoshi/ebiten
  version: 52f57c4a6aa698d814f4a5d54729ac938446d7e8
  subpackages:
  - audio
  - audio/internal/driver
  - audio/wav
  - ebitenutil
  - internal/affine
  - internal/endian
  - internal/graphics
  - internal/jni
  - internal/loop
  - internal/opengl
  - internal/restorable
  - internal/ui
- name: github.com/mattetti/filebuffer
  version: 80f2c1c4dcf558a0cee1e4303225d17c6238e00a
- name: github.com/timshannon/go-openal
  version: ed0a8311175d68e8f28c7dcc70bc2303f7cf65da
  subpackages:
  - openal
- name: github.com/uber-go/atomic
  version: 0c9e689d64f004564b79d9a663634756df322902
- name: github.com/uber-go/zap
  version: 35cd7966cc81adc0449c91b3f6b1939812be73aa
- name: golang.org/x/image
  version: 5286ed5c2aec7fc7d08323e7e4423b171caf84cb
  subpackages:
  - draw
  - font
  - math/f64
  - math/fixed
- name: golang.org/x/mobile
  version: b8794a2669da6680501f9ebc6c555553dc46b1ee
  subpackages:
  - exp/audio/al
  - gl
  - internal/mobileinit
testImports: []
